
Microsoft Visual Studio Solution File, Format Version 12.00
# Visual Studio 15
VisualStudioVersion = 15.0.28307.489
MinimumVisualStudioVersion = 10.0.40219.1
Project("{FAE04EC0-301F-11D3-BF4B-00C04F79EFBC}") = "WorkTimer", "WorkTimer\WorkTimer.csproj", "{203BA09D-20CB-4B47-8EBB-7B00C5A7E107}"
EndProject
Global
	GlobalSection(SolutionConfigurationPlatforms) = preSolution
		Debug|Any CPU = Debug|Any CPU
		Release|Any CPU = Release|Any CPU
	EndGlobalSection
	GlobalSection(ProjectConfigurationPlatforms) = postSolution
		{203BA09D-20CB-4B47-8EBB-7B00C5A7E107}.Debug|Any CPU.ActiveCfg = Debug|Any CPU
		{203BA09D-20CB-4B47-8EBB-7B00C5A7E107}.Debug|Any CPU.Build.0 = Debug|Any CPU
		{203BA09D-20CB-4B47-8EBB-7B00C5A7E107}.Release|Any CPU.ActiveCfg = Release|Any CPU
		{203BA09D-20CB-4B47-8EBB-7B00C5A7E107}.Release|Any CPU.Build.0 = Release|Any CPU
	EndGlobalSection
	GlobalSection(SolutionProperties) = preSolution
		HideSolutionNode = FALSE
	EndGlobalSection
	GlobalSection(ExtensibilityGlobals) = postSolution
		SolutionGuid = {A0907CDA-766D-4B54-B79D-5F22CD894849}
	EndGlobalSection
EndGlobal
